
Microsoft Visual Studio Solution File, Format Version 12.00
# Visual Studio 15
VisualStudioVersion = 15.0.26228.4
MinimumVisualStudioVersion = 10.0.40219.1
Project("{D954291E-2A0B-460D-934E-DC6B0785DB48}") = "FEI.IRK.HM.HMIvR", "FEI.IRK.HM.HMIvR\FEI.IRK.HM.HMIvR\FEI.IRK.HM.HMIvR.shproj", "{DD972A34-D298-41EC-90C0-4FD23399F882}"
EndProject
Project("{FAE04EC0-301F-11D3-BF4B-00C04F79EFBC}") = "FEI.IRK.HM.HMIvR.Android", "FEI.IRK.HM.HMIvR\FEI.IRK.HM.HMIvR.Android\FEI.IRK.HM.HMIvR.Android.csproj", "{C47BB35F-91D4-4E2F-A169-B33BD2B51CFC}"
EndProject
Project("{FAE04EC0-301F-11D3-BF4B-00C04F79EFBC}") = "FEI.IRK.HM.HMIvR.UWP", "FEI.IRK.HM.HMIvR\FEI.IRK.HM.HMIvR.UWP\FEI.IRK.HM.HMIvR.UWP.csproj", "{4662F0D0-A307-4DEF-B1BF-FA1E6BE79698}"
EndProject
Global
	GlobalSection(SharedMSBuildProjectFiles) = preSolution
		FEI.IRK.HM.HMIvR\FEI.IRK.HM.HMIvR\FEI.IRK.HM.HMIvR.projitems*{4662f0d0-a307-4def-b1bf-fa1e6be79698}*SharedItemsImports = 4
		FEI.IRK.HM.HMIvR\FEI.IRK.HM.HMIvR\FEI.IRK.HM.HMIvR.projitems*{c47bb35f-91d4-4e2f-a169-b33bd2b51cfc}*SharedItemsImports = 4
		FEI.IRK.HM.HMIvR\FEI.IRK.HM.HMIvR\FEI.IRK.HM.HMIvR.projitems*{dd972a34-d298-41ec-90c0-4fd23399f882}*SharedItemsImports = 13
	EndGlobalSection
	GlobalSection(SolutionConfigurationPlatforms) = preSolution
		Ad-Hoc|Any CPU = Ad-Hoc|Any CPU
		Ad-Hoc|ARM = Ad-Hoc|ARM
		Ad-Hoc|iPhone = Ad-Hoc|iPhone
		Ad-Hoc|iPhoneSimulator = Ad-Hoc|iPhoneSimulator
		Ad-Hoc|x64 = Ad-Hoc|x64
		Ad-Hoc|x86 = Ad-Hoc|x86
		AppStore|Any CPU = AppStore|Any CPU
		AppStore|ARM = AppStore|ARM
		AppStore|iPhone = AppStore|iPhone
		AppStore|iPhoneSimulator = AppStore|iPhoneSimulator
		AppStore|x64 = AppStore|x64
		AppStore|x86 = AppStore|x86
		Debug|Any CPU = Debug|Any CPU
		Debug|ARM = Debug|ARM
		Debug|iPhone = Debug|iPhone
		Debug|iPhoneSimulator = Debug|iPhoneSimulator
		Debug|x64 = Debug|x64
		Debug|x86 = Debug|x86
		Release|Any CPU = Release|Any CPU
		Release|ARM = Release|ARM
		Release|iPhone = Release|iPhone
		Release|iPhoneSimulator = Release|iPhoneSimulator
		Release|x64 = Release|x64
		Release|x86 = Release|x86
	EndGlobalSection
	GlobalSection(ProjectConfigurationPlatforms) = postSolution
		{C47BB35F-91D4-4E2F-A169-B33BD2B51CFC}.Ad-Hoc|Any CPU.ActiveCfg = Release|Any CPU
		{C47BB35F-91D4-4E2F-A169-B33BD2B51CFC}.Ad-Hoc|Any CPU.Build.0 = Release|Any CPU
		{C47BB35F-91D4-4E2F-A169-B33BD2B51CFC}.Ad-Hoc|Any CPU.Deploy.0 = Release|Any CPU
		{C47BB35F-91D4-4E2F-A169-B33BD2B51CFC}.Ad-Hoc|ARM.ActiveCfg = Release|Any CPU
		{C47BB35F-91D4-4E2F-A169-B33BD2B51CFC}.Ad-Hoc|ARM.Build.0 = Release|Any CPU
		{C47BB35F-91D4-4E2F-A169-B33BD2B51CFC}.Ad-Hoc|ARM.Deploy.0 = Release|Any CPU
		{C47BB35F-91D4-4E2F-A169-B33BD2B51CFC}.Ad-Hoc|iPhone.ActiveCfg = Release|Any CPU
		{C47BB35F-91D4-4E2F-A169-B33BD2B51CFC}.Ad-Hoc|iPhone.Build.0 = Release|Any CPU
		{C47BB35F-91D4-4E2F-A169-B33BD2B51CFC}.Ad-Hoc|iPhone.Deploy.0 = Release|Any CPU
		{C47BB35F-91D4-4E2F-A169-B33BD2B51CFC}.Ad-Hoc|iPhoneSimulator.ActiveCfg = Release|Any CPU
		{C47BB35F-91D4-4E2F-A169-B33BD2B51CFC}.Ad-Hoc|iPhoneSimulator.Build.0 = Release|Any CPU
		{C47BB35F-91D4-4E2F-A169-B33BD2B51CFC}.Ad-Hoc|iPhoneSimulator.Deploy.0 = Release|Any CPU
		{C47BB35F-91D4-4E2F-A169-B33BD2B51CFC}.Ad-Hoc|x64.ActiveCfg = Release|Any CPU
		{C47BB35F-91D4-4E2F-A169-B33BD2B51CFC}.Ad-Hoc|x64.Build.0 = Release|Any CPU
		{C47BB35F-91D4-4E2F-A169-B33BD2B51CFC}.Ad-Hoc|x64.Deploy.0 = Release|Any CPU
		{C47BB35F-91D4-4E2F-A169-B33BD2B51CFC}.Ad-Hoc|x86.ActiveCfg = Release|Any CPU
		{C47BB35F-91D4-4E2F-A169-B33BD2B51CFC}.Ad-Hoc|x86.Build.0 = Release|Any CPU
		{C47BB35F-91D4-4E2F-A169-B33BD2B51CFC}.Ad-Hoc|x86.Deploy.0 = Release|Any CPU
		{C47BB35F-91D4-4E2F-A169-B33BD2B51CFC}.AppStore|Any CPU.ActiveCfg = Release|Any CPU
		{C47BB35F-91D4-4E2F-A169-B33BD2B51CFC}.AppStore|Any CPU.Build.0 = Release|Any CPU
		{C47BB35F-91D4-4E2F-A169-B33BD2B51CFC}.AppStore|Any CPU.Deploy.0 = Release|Any CPU
		{C47BB35F-91D4-4E2F-A169-B33BD2B51CFC}.AppStore|ARM.ActiveCfg = Release|Any CPU
		{C47BB35F-91D4-4E2F-A169-B33BD2B51CFC}.AppStore|ARM.Build.0 = Release|Any CPU
		{C47BB35F-91D4-4E2F-A169-B33BD2B51CFC}.AppStore|ARM.Deploy.0 = Release|Any CPU
		{C47BB35F-91D4-4E2F-A169-B33BD2B51CFC}.AppStore|iPhone.ActiveCfg = Release|Any CPU
		{C47BB35F-91D4-4E2F-A169-B33BD2B51CFC}.AppStore|iPhone.Build.0 = Release|Any CPU
		{C47BB35F-91D4-4E2F-A169-B33BD2B51CFC}.AppStore|iPhone.Deploy.0 = Release|Any CPU
		{C47BB35F-91D4-4E2F-A169-B33BD2B51CFC}.AppStore|iPhoneSimulator.ActiveCfg = Release|Any CPU
		{C47BB35F-91D4-4E2F-A169-B33BD2B51CFC}.AppStore|iPhoneSimulator.Build.0 = Release|Any CPU
		{C47BB35F-91D4-4E2F-A169-B33BD2B51CFC}.AppStore|iPhoneSimulator.Deploy.0 = Release|Any CPU
		{C47BB35F-91D4-4E2F-A169-B33BD2B51CFC}.AppStore|x64.ActiveCfg = Release|Any CPU
		{C47BB35F-91D4-4E2F-A169-B33BD2B51CFC}.AppStore|x64.Build.0 = Release|Any CPU
		{C47BB35F-91D4-4E2F-A169-B33BD2B51CFC}.AppStore|x64.Deploy.0 = Release|Any CPU
		{C47BB35F-91D4-4E2F-A169-B33BD2B51CFC}.AppStore|x86.ActiveCfg = Release|Any CPU
		{C47BB35F-91D4-4E2F-A169-B33BD2B51CFC}.AppStore|x86.Build.0 = Release|Any CPU
		{C47BB35F-91D4-4E2F-A169-B33BD2B51CFC}.AppStore|x86.Deploy.0 = Release|Any CPU
		{C47BB35F-91D4-4E2F-A169-B33BD2B51CFC}.Debug|Any CPU.ActiveCfg = Debug|Any CPU
		{C47BB35F-91D4-4E2F-A169-B33BD2B51CFC}.Debug|Any CPU.Build.0 = Debug|Any CPU
		{C47BB35F-91D4-4E2F-A169-B33BD2B51CFC}.Debug|Any CPU.Deploy.0 = Debug|Any CPU
		{C47BB35F-91D4-4E2F-A169-B33BD2B51CFC}.Debug|ARM.ActiveCfg = Debug|Any CPU
		{C47BB35F-91D4-4E2F-A169-B33BD2B51CFC}.Debug|ARM.Build.0 = Debug|Any CPU
		{C47BB35F-91D4-4E2F-A169-B33BD2B51CFC}.Debug|ARM.Deploy.0 = Debug|Any CPU
		{C47BB35F-91D4-4E2F-A169-B33BD2B51CFC}.Debug|iPhone.ActiveCfg = Debug|Any CPU
		{C47BB35F-91D4-4E2F-A169-B33BD2B51CFC}.Debug|iPhone.Build.0 = Debug|Any CPU
		{C47BB35F-91D4-4E2F-A169-B33BD2B51CFC}.Debug|iPhone.Deploy.0 = Debug|Any CPU
		{C47BB35F-91D4-4E2F-A169-B33BD2B51CFC}.Debug|iPhoneSimulator.ActiveCfg = Debug|Any CPU
		{C47BB35F-91D4-4E2F-A169-B33BD2B51CFC}.Debug|iPhoneSimulator.Build.0 = Debug|Any CPU
		{C47BB35F-91D4-4E2F-A169-B33BD2B51CFC}.Debug|iPhoneSimulator.Deploy.0 = Debug|Any CPU
		{C47BB35F-91D4-4E2F-A169-B33BD2B51CFC}.Debug|x64.ActiveCfg = Debug|Any CPU
		{C47BB35F-91D4-4E2F-A169-B33BD2B51CFC}.Debug|x64.Build.0 = Debug|Any CPU
		{C47BB35F-91D4-4E2F-A169-B33BD2B51CFC}.Debug|x64.Deploy.0 = Debug|Any CPU
		{C47BB35F-91D4-4E2F-A169-B33BD2B51CFC}.Debug|x86.ActiveCfg = Debug|Any CPU
		{C47BB35F-91D4-4E2F-A169-B33BD2B51CFC}.Debug|x86.Build.0 = Debug|Any CPU
		{C47BB35F-91D4-4E2F-A169-B33BD2B51CFC}.Debug|x86.Deploy.0 = Debug|Any CPU
		{C47BB35F-91D4-4E2F-A169-B33BD2B51CFC}.Release|Any CPU.ActiveCfg = Release|Any CPU
		{C47BB35F-91D4-4E2F-A169-B33BD2B51CFC}.Release|Any CPU.Build.0 = Release|Any CPU
		{C47BB35F-91D4-4E2F-A169-B33BD2B51CFC}.Release|Any CPU.Deploy.0 = Release|Any CPU
		{C47BB35F-91D4-4E2F-A169-B33BD2B51CFC}.Release|ARM.ActiveCfg = Release|Any CPU
		{C47BB35F-91D4-4E2F-A169-B33BD2B51CFC}.Release|ARM.Build.0 = Release|Any CPU
		{C47BB35F-91D4-4E2F-A169-B33BD2B51CFC}.Release|ARM.Deploy.0 = Release|Any CPU
		{C47BB35F-91D4-4E2F-A169-B33BD2B51CFC}.Release|iPhone.ActiveCfg = Release|Any CPU
		{C47BB35F-91D4-4E2F-A169-B33BD2B51CFC}.Release|iPhone.Build.0 = Release|Any CPU
		{C47BB35F-91D4-4E2F-A169-B33BD2B51CFC}.Release|iPhone.Deploy.0 = Release|Any CPU
		{C47BB35F-91D4-4E2F-A169-B33BD2B51CFC}.Release|iPhoneSimulator.ActiveCfg = Release|Any CPU
		{C47BB35F-91D4-4E2F-A169-B33BD2B51CFC}.Release|iPhoneSimulator.Build.0 = Release|Any CPU
		{C47BB35F-91D4-4E2F-A169-B33BD2B51CFC}.Release|iPhoneSimulator.Deploy.0 = Release|Any CPU
		{C47BB35F-91D4-4E2F-A169-B33BD2B51CFC}.Release|x64.ActiveCfg = Release|Any CPU
		{C47BB35F-91D4-4E2F-A169-B33BD2B51CFC}.Release|x64.Build.0 = Release|Any CPU
		{C47BB35F-91D4-4E2F-A169-B33BD2B51CFC}.Release|x64.Deploy.0 = Release|Any CPU
		{C47BB35F-91D4-4E2F-A169-B33BD2B51CFC}.Release|x86.ActiveCfg = Release|Any CPU
		{C47BB35F-91D4-4E2F-A169-B33BD2B51CFC}.Release|x86.Build.0 = Release|Any CPU
		{C47BB35F-91D4-4E2F-A169-B33BD2B51CFC}.Release|x86.Deploy.0 = Release|Any CPU
		{4662F0D0-A307-4DEF-B1BF-FA1E6BE79698}.Ad-Hoc|Any CPU.ActiveCfg = Release|x86
		{4662F0D0-A307-4DEF-B1BF-FA1E6BE79698}.Ad-Hoc|Any CPU.Build.0 = Release|x86
		{4662F0D0-A307-4DEF-B1BF-FA1E6BE79698}.Ad-Hoc|Any CPU.Deploy.0 = Release|x86
		{4662F0D0-A307-4DEF-B1BF-FA1E6BE79698}.Ad-Hoc|ARM.ActiveCfg = Release|ARM
		{4662F0D0-A307-4DEF-B1BF-FA1E6BE79698}.Ad-Hoc|ARM.Build.0 = Release|ARM
		{4662F0D0-A307-4DEF-B1BF-FA1E6BE79698}.Ad-Hoc|ARM.Deploy.0 = Release|ARM
		{4662F0D0-A307-4DEF-B1BF-FA1E6BE79698}.Ad-Hoc|iPhone.ActiveCfg = Release|x86
		{4662F0D0-A307-4DEF-B1BF-FA1E6BE79698}.Ad-Hoc|iPhone.Build.0 = Release|x86
		{4662F0D0-A307-4DEF-B1BF-FA1E6BE79698}.Ad-Hoc|iPhone.Deploy.0 = Release|x86
		{4662F0D0-A307-4DEF-B1BF-FA1E6BE79698}.Ad-Hoc|iPhoneSimulator.ActiveCfg = Release|x86
		{4662F0D0-A307-4DEF-B1BF-FA1E6BE79698}.Ad-Hoc|iPhoneSimulator.Build.0 = Release|x86
		{4662F0D0-A307-4DEF-B1BF-FA1E6BE79698}.Ad-Hoc|iPhoneSimulator.Deploy.0 = Release|x86
		{4662F0D0-A307-4DEF-B1BF-FA1E6BE79698}.Ad-Hoc|x64.ActiveCfg = Release|x64
		{4662F0D0-A307-4DEF-B1BF-FA1E6BE79698}.Ad-Hoc|x64.Build.0 = Release|x64
		{4662F0D0-A307-4DEF-B1BF-FA1E6BE79698}.Ad-Hoc|x64.Deploy.0 = Release|x64
		{4662F0D0-A307-4DEF-B1BF-FA1E6BE79698}.Ad-Hoc|x86.ActiveCfg = Release|x86
		{4662F0D0-A307-4DEF-B1BF-FA1E6BE79698}.Ad-Hoc|x86.Build.0 = Release|x86
		{4662F0D0-A307-4DEF-B1BF-FA1E6BE79698}.Ad-Hoc|x86.Deploy.0 = Release|x86
		{4662F0D0-A307-4DEF-B1BF-FA1E6BE79698}.AppStore|Any CPU.ActiveCfg = Release|x86
		{4662F0D0-A307-4DEF-B1BF-FA1E6BE79698}.AppStore|Any CPU.Build.0 = Release|x86
		{4662F0D0-A307-4DEF-B1BF-FA1E6BE79698}.AppStore|Any CPU.Deploy.0 = Release|x86
		{4662F0D0-A307-4DEF-B1BF-FA1E6BE79698}.AppStore|ARM.ActiveCfg = Release|ARM
		{4662F0D0-A307-4DEF-B1BF-FA1E6BE79698}.AppStore|ARM.Build.0 = Release|ARM
		{4662F0D0-A307-4DEF-B1BF-FA1E6BE79698}.AppStore|ARM.Deploy.0 = Release|ARM
		{4662F0D0-A307-4DEF-B1BF-FA1E6BE79698}.AppStore|iPhone.ActiveCfg = Release|x86
		{4662F0D0-A307-4DEF-B1BF-FA1E6BE79698}.AppStore|iPhone.Build.0 = Release|x86
		{4662F0D0-A307-4DEF-B1BF-FA1E6BE79698}.AppStore|iPhone.Deploy.0 = Release|x86
		{4662F0D0-A307-4DEF-B1BF-FA1E6BE79698}.AppStore|iPhoneSimulator.ActiveCfg = Release|x86
		{4662F0D0-A307-4DEF-B1BF-FA1E6BE79698}.AppStore|iPhoneSimulator.Build.0 = Release|x86
		{4662F0D0-A307-4DEF-B1BF-FA1E6BE79698}.AppStore|iPhoneSimulator.Deploy.0 = Release|x86
		{4662F0D0-A307-4DEF-B1BF-FA1E6BE79698}.AppStore|x64.ActiveCfg = Release|x64
		{4662F0D0-A307-4DEF-B1BF-FA1E6BE79698}.AppStore|x64.Build.0 = Release|x64
		{4662F0D0-A307-4DEF-B1BF-FA1E6BE79698}.AppStore|x64.Deploy.0 = Release|x64
		{4662F0D0-A307-4DEF-B1BF-FA1E6BE79698}.AppStore|x86.ActiveCfg = Release|x86
		{4662F0D0-A307-4DEF-B1BF-FA1E6BE79698}.AppStore|x86.Build.0 = Release|x86
		{4662F0D0-A307-4DEF-B1BF-FA1E6BE79698}.AppStore|x86.Deploy.0 = Release|x86
		{4662F0D0-A307-4DEF-B1BF-FA1E6BE79698}.Debug|Any CPU.ActiveCfg = Debug|x86
		{4662F0D0-A307-4DEF-B1BF-FA1E6BE79698}.Debug|Any CPU.Build.0 = Debug|x86
		{4662F0D0-A307-4DEF-B1BF-FA1E6BE79698}.Debug|Any CPU.Deploy.0 = Debug|x86
		{4662F0D0-A307-4DEF-B1BF-FA1E6BE79698}.Debug|ARM.ActiveCfg = Debug|ARM
		{4662F0D0-A307-4DEF-B1BF-FA1E6BE79698}.Debug|ARM.Build.0 = Debug|ARM
		{4662F0D0-A307-4DEF-B1BF-FA1E6BE79698}.Debug|ARM.Deploy.0 = Debug|ARM
		{4662F0D0-A307-4DEF-B1BF-FA1E6BE79698}.Debug|iPhone.ActiveCfg = Debug|x86
		{4662F0D0-A307-4DEF-B1BF-FA1E6BE79698}.Debug|iPhoneSimulator.ActiveCfg = Debug|x86
		{4662F0D0-A307-4DEF-B1BF-FA1E6BE79698}.Debug|x64.ActiveCfg = Debug|x64
		{4662F0D0-A307-4DEF-B1BF-FA1E6BE79698}.Debug|x64.Build.0 = Debug|x64
		{4662F0D0-A307-4DEF-B1BF-FA1E6BE79698}.Debug|x64.Deploy.0 = Debug|x64
		{4662F0D0-A307-4DEF-B1BF-FA1E6BE79698}.Debug|x86.ActiveCfg = Debug|x86
		{4662F0D0-A307-4DEF-B1BF-FA1E6BE79698}.Debug|x86.Build.0 = Debug|x86
		{4662F0D0-A307-4DEF-B1BF-FA1E6BE79698}.Debug|x86.Deploy.0 = Debug|x86
		{4662F0D0-A307-4DEF-B1BF-FA1E6BE79698}.Release|Any CPU.ActiveCfg = Release|x86
		{4662F0D0-A307-4DEF-B1BF-FA1E6BE79698}.Release|ARM.ActiveCfg = Release|ARM
		{4662F0D0-A307-4DEF-B1BF-FA1E6BE79698}.Release|ARM.Build.0 = Release|ARM
		{4662F0D0-A307-4DEF-B1BF-FA1E6BE79698}.Release|ARM.Deploy.0 = Release|ARM
		{4662F0D0-A307-4DEF-B1BF-FA1E6BE79698}.Release|iPhone.ActiveCfg = Release|x86
		{4662F0D0-A307-4DEF-B1BF-FA1E6BE79698}.Release|iPhoneSimulator.ActiveCfg = Release|x86
		{4662F0D0-A307-4DEF-B1BF-FA1E6BE79698}.Release|x64.ActiveCfg = Release|x64
		{4662F0D0-A307-4DEF-B1BF-FA1E6BE79698}.Release|x64.Build.0 = Release|x64
		{4662F0D0-A307-4DEF-B1BF-FA1E6BE79698}.Release|x64.Deploy.0 = Release|x64
		{4662F0D0-A307-4DEF-B1BF-FA1E6BE79698}.Release|x86.ActiveCfg = Release|x86
		{4662F0D0-A307-4DEF-B1BF-FA1E6BE79698}.Release|x86.Build.0 = Release|x86
		{4662F0D0-A307-4DEF-B1BF-FA1E6BE79698}.Release|x86.Deploy.0 = Release|x86
	EndGlobalSection
	GlobalSection(SolutionProperties) = preSolution
		HideSolutionNode = FALSE
	EndGlobalSection
EndGlobal
